
Microsoft Visual Studio Solution File, Format Version 12.00
# Visual Studio Version 16
VisualStudioVersion = 16.0.31702.278
MinimumVisualStudioVersion = 10.0.40219.1
Project("{FAE04EC0-301F-11D3-BF4B-00C04F79EFBC}") = "ShopApp", "ShopApp\ShopApp.csproj", "{745473B3-1FF8-43C8-A30C-626895E122B5}"
EndProject
Global
	GlobalSection(SolutionConfigurationPlatforms) = preSolution
		Debug|Any CPU = Debug|Any CPU
		Release|Any CPU = Release|Any CPU
	EndGlobalSection
	GlobalSection(ProjectConfigurationPlatforms) = postSolution
		{745473B3-1FF8-43C8-A30C-626895E122B5}.Debug|Any CPU.ActiveCfg = Debug|Any CPU
		{745473B3-1FF8-43C8-A30C-626895E122B5}.Debug|Any CPU.Build.0 = Debug|Any CPU
		{745473B3-1FF8-43C8-A30C-626895E122B5}.Release|Any CPU.ActiveCfg = Release|Any CPU
		{745473B3-1FF8-43C8-A30C-626895E122B5}.Release|Any CPU.Build.0 = Release|Any CPU
	EndGlobalSection
	GlobalSection(SolutionProperties) = preSolution
		HideSolutionNode = FALSE
	EndGlobalSection
	GlobalSection(ExtensibilityGlobals) = postSolution
		SolutionGuid = {401B40B1-E86F-48A6-A8EA-24B558BD3DCD}
	EndGlobalSection
EndGlobal
